
Microsoft Visual Studio Solution File, Format Version 12.00
# Visual Studio 15
VisualStudioVersion = 15.0.28307.421
MinimumVisualStudioVersion = 10.0.40219.1
Project("{FAE04EC0-301F-11D3-BF4B-00C04F79EFBC}") = "Vavatech.DesignPatterns.SingletonPattern", "Vavatech.DesignPatterns.SingletonPattern\Vavatech.DesignPatterns.SingletonPattern.csproj", "{5380541B-A41A-4DDB-A696-680AB7159793}"
EndProject
Global
	GlobalSection(SolutionConfigurationPlatforms) = preSolution
		Debug|Any CPU = Debug|Any CPU
		Release|Any CPU = Release|Any CPU
	EndGlobalSection
	GlobalSection(ProjectConfigurationPlatforms) = postSolution
		{5380541B-A41A-4DDB-A696-680AB7159793}.Debug|Any CPU.ActiveCfg = Debug|Any CPU
		{5380541B-A41A-4DDB-A696-680AB7159793}.Debug|Any CPU.Build.0 = Debug|Any CPU
		{5380541B-A41A-4DDB-A696-680AB7159793}.Release|Any CPU.ActiveCfg = Release|Any CPU
		{5380541B-A41A-4DDB-A696-680AB7159793}.Release|Any CPU.Build.0 = Release|Any CPU
	EndGlobalSection
	GlobalSection(SolutionProperties) = preSolution
		HideSolutionNode = FALSE
	EndGlobalSection
	GlobalSection(ExtensibilityGlobals) = postSolution
		SolutionGuid = {936827D8-4A62-4D1E-B966-477365002BF7}
	EndGlobalSection
EndGlobal
